{
  "requires": true,
  "lockfileVersion": 1,
  "dependencies": {
    "primeicons": {
      "version": "2.0.0",
      "resolved": "https://registry.npmjs.org/primeicons/-/primeicons-2.0.0.tgz",
      "integrity": "sha512-GJTCeMSQU8UU1GqbsaDrg/IH+b/vSinJQl52NVpdJ7sShYLZA8Eq6jLF48Ye3N/dQloGrE07i7XsZvxQ9pNbqg=="
    },
    "primeng": {
      "version": "8.0.4",
      "resolved": "https://registry.npmjs.org/primeng/-/primeng-8.0.4.tgz",
      "integrity": "sha512-yLgX3bqB6exgocMhMXm/mOEQmfsaSO6qw+FTb6WEEEPA9vmJ1YRktz8F5nyCWcRc59LzNEZ7n87Fwo8cjArQBQ=="
    }
  }
}
